
Microsoft Visual Studio Solution File, Format Version 12.00
# Visual Studio Version 17
VisualStudioVersion = 17.5.33516.290
MinimumVisualStudioVersion = 10.0.40219.1
Project("{888888A0-9F3D-457C-B088-3A5042F75D52}") = "PriceCalculator", "PriceCalculator\PriceCalculator.pyproj", "{2FE1E39E-B16F-4CD9-833C-F7BAD50D1969}"
EndProject
Global
	GlobalSection(SolutionConfigurationPlatforms) = preSolution
		Debug|Any CPU = Debug|Any CPU
		Release|Any CPU = Release|Any CPU
	EndGlobalSection
	GlobalSection(ProjectConfigurationPlatforms) = postSolution
		{2FE1E39E-B16F-4CD9-833C-F7BAD50D1969}.Debug|Any CPU.ActiveCfg = Debug|Any CPU
		{2FE1E39E-B16F-4CD9-833C-F7BAD50D1969}.Release|Any CPU.ActiveCfg = Release|Any CPU
	EndGlobalSection
	GlobalSection(SolutionProperties) = preSolution
		HideSolutionNode = FALSE
	EndGlobalSection
	GlobalSection(ExtensibilityGlobals) = postSolution
		SolutionGuid = {C62CE0F6-DFC9-423C-A88F-97FB43D2F288}
	EndGlobalSection
EndGlobal
