
Microsoft Visual Studio Solution File, Format Version 12.00
# Visual Studio Version 17
VisualStudioVersion = 17.5.33516.290
MinimumVisualStudioVersion = 10.0.40219.1
Project("{888888A0-9F3D-457C-B088-3A5042F75D52}") = "IDLookUp", "IDLookUp\IDLookUp.pyproj", "{77182520-95D7-439E-BF61-C6569D5AACAD}"
EndProject
Global
	GlobalSection(SolutionConfigurationPlatforms) = preSolution
		Debug|Any CPU = Debug|Any CPU
		Release|Any CPU = Release|Any CPU
	EndGlobalSection
	GlobalSection(ProjectConfigurationPlatforms) = postSolution
		{77182520-95D7-439E-BF61-C6569D5AACAD}.Debug|Any CPU.ActiveCfg = Debug|Any CPU
		{77182520-95D7-439E-BF61-C6569D5AACAD}.Release|Any CPU.ActiveCfg = Release|Any CPU
	EndGlobalSection
	GlobalSection(SolutionProperties) = preSolution
		HideSolutionNode = FALSE
	EndGlobalSection
	GlobalSection(ExtensibilityGlobals) = postSolution
		SolutionGuid = {36A22A85-2986-4F1E-B591-3A57875BDEFD}
	EndGlobalSection
EndGlobal
