
Microsoft Visual Studio Solution File, Format Version 12.00
# Visual Studio Version 17
VisualStudioVersion = 17.4.33213.308
MinimumVisualStudioVersion = 10.0.40219.1
Project("{888888A0-9F3D-457C-B088-3A5042F75D52}") = "DebugChallenge1", "DebugChallenge1\DebugChallenge1.pyproj", "{1B5C8ED5-D92B-4287-9167-01954209BE44}"
EndProject
Global
	GlobalSection(SolutionConfigurationPlatforms) = preSolution
		Debug|Any CPU = Debug|Any CPU
		Release|Any CPU = Release|Any CPU
	EndGlobalSection
	GlobalSection(ProjectConfigurationPlatforms) = postSolution
		{1B5C8ED5-D92B-4287-9167-01954209BE44}.Debug|Any CPU.ActiveCfg = Debug|Any CPU
		{1B5C8ED5-D92B-4287-9167-01954209BE44}.Release|Any CPU.ActiveCfg = Release|Any CPU
	EndGlobalSection
	GlobalSection(SolutionProperties) = preSolution
		HideSolutionNode = FALSE
	EndGlobalSection
	GlobalSection(ExtensibilityGlobals) = postSolution
		SolutionGuid = {2AD14AA9-521D-4915-9B07-DAE1069F2503}
	EndGlobalSection
EndGlobal
