
Microsoft Visual Studio Solution File, Format Version 12.00
# Visual Studio Version 17
VisualStudioVersion = 17.4.33213.308
MinimumVisualStudioVersion = 10.0.40219.1
Project("{888888A0-9F3D-457C-B088-3A5042F75D52}") = "ifStatements", "ifStatements\ifStatements.pyproj", "{393922C3-0286-4276-BA46-A9F1BBC72823}"
EndProject
Global
	GlobalSection(SolutionConfigurationPlatforms) = preSolution
		Debug|Any CPU = Debug|Any CPU
		Release|Any CPU = Release|Any CPU
	EndGlobalSection
	GlobalSection(ProjectConfigurationPlatforms) = postSolution
		{393922C3-0286-4276-BA46-A9F1BBC72823}.Debug|Any CPU.ActiveCfg = Debug|Any CPU
		{393922C3-0286-4276-BA46-A9F1BBC72823}.Release|Any CPU.ActiveCfg = Release|Any CPU
	EndGlobalSection
	GlobalSection(SolutionProperties) = preSolution
		HideSolutionNode = FALSE
	EndGlobalSection
	GlobalSection(ExtensibilityGlobals) = postSolution
		SolutionGuid = {44CD9440-630C-497F-9214-2838147D8BEF}
	EndGlobalSection
EndGlobal
