
Microsoft Visual Studio Solution File, Format Version 12.00
# Visual Studio Version 17
VisualStudioVersion = 17.5.33516.290
MinimumVisualStudioVersion = 10.0.40219.1
Project("{888888A0-9F3D-457C-B088-3A5042F75D52}") = "Cities", "Cities\Cities.pyproj", "{95F80445-3196-45E6-9FA8-A60E9687FB16}"
EndProject
Global
	GlobalSection(SolutionConfigurationPlatforms) = preSolution
		Debug|Any CPU = Debug|Any CPU
		Release|Any CPU = Release|Any CPU
	EndGlobalSection
	GlobalSection(ProjectConfigurationPlatforms) = postSolution
		{95F80445-3196-45E6-9FA8-A60E9687FB16}.Debug|Any CPU.ActiveCfg = Debug|Any CPU
		{95F80445-3196-45E6-9FA8-A60E9687FB16}.Release|Any CPU.ActiveCfg = Release|Any CPU
	EndGlobalSection
	GlobalSection(SolutionProperties) = preSolution
		HideSolutionNode = FALSE
	EndGlobalSection
	GlobalSection(ExtensibilityGlobals) = postSolution
		SolutionGuid = {C21084F6-2BA3-43AD-A224-E15597DB49BC}
	EndGlobalSection
EndGlobal
