
Microsoft Visual Studio Solution File, Format Version 12.00
# Visual Studio Version 17
VisualStudioVersion = 17.5.33516.290
MinimumVisualStudioVersion = 10.0.40219.1
Project("{888888A0-9F3D-457C-B088-3A5042F75D52}") = "BattingAverage", "BattingAverage\BattingAverage.pyproj", "{AE9C89C8-97D2-43CE-BF9B-44775876EE1C}"
EndProject
Global
	GlobalSection(SolutionConfigurationPlatforms) = preSolution
		Debug|Any CPU = Debug|Any CPU
		Release|Any CPU = Release|Any CPU
	EndGlobalSection
	GlobalSection(ProjectConfigurationPlatforms) = postSolution
		{AE9C89C8-97D2-43CE-BF9B-44775876EE1C}.Debug|Any CPU.ActiveCfg = Debug|Any CPU
		{AE9C89C8-97D2-43CE-BF9B-44775876EE1C}.Release|Any CPU.ActiveCfg = Release|Any CPU
	EndGlobalSection
	GlobalSection(SolutionProperties) = preSolution
		HideSolutionNode = FALSE
	EndGlobalSection
	GlobalSection(ExtensibilityGlobals) = postSolution
		SolutionGuid = {E841A00E-BC6E-45B6-B2E7-6DED82A23198}
	EndGlobalSection
EndGlobal
