
Microsoft Visual Studio Solution File, Format Version 12.00
# Visual Studio Version 17
VisualStudioVersion = 17.4.33213.308
MinimumVisualStudioVersion = 10.0.40219.1
Project("{888888A0-9F3D-457C-B088-3A5042F75D52}") = "nested", "nested\nested.pyproj", "{136D6CCA-4C63-4E25-9BE7-5605FC57474E}"
EndProject
Global
	GlobalSection(SolutionConfigurationPlatforms) = preSolution
		Debug|Any CPU = Debug|Any CPU
		Release|Any CPU = Release|Any CPU
	EndGlobalSection
	GlobalSection(ProjectConfigurationPlatforms) = postSolution
		{136D6CCA-4C63-4E25-9BE7-5605FC57474E}.Debug|Any CPU.ActiveCfg = Debug|Any CPU
		{136D6CCA-4C63-4E25-9BE7-5605FC57474E}.Release|Any CPU.ActiveCfg = Release|Any CPU
	EndGlobalSection
	GlobalSection(SolutionProperties) = preSolution
		HideSolutionNode = FALSE
	EndGlobalSection
	GlobalSection(ExtensibilityGlobals) = postSolution
		SolutionGuid = {811D7C47-30AC-4A40-BBD7-B25C104D7D1D}
	EndGlobalSection
EndGlobal
