
Microsoft Visual Studio Solution File, Format Version 12.00
# Visual Studio Version 17
VisualStudioVersion = 17.4.33213.308
MinimumVisualStudioVersion = 10.0.40219.1
Project("{888888A0-9F3D-457C-B088-3A5042F75D52}") = "ifElseStatements", "ifElseStatements\ifElseStatements.pyproj", "{D2FA298C-D2B4-4D8F-A540-A9804837F3ED}"
EndProject
Global
	GlobalSection(SolutionConfigurationPlatforms) = preSolution
		Debug|Any CPU = Debug|Any CPU
		Release|Any CPU = Release|Any CPU
	EndGlobalSection
	GlobalSection(ProjectConfigurationPlatforms) = postSolution
		{D2FA298C-D2B4-4D8F-A540-A9804837F3ED}.Debug|Any CPU.ActiveCfg = Debug|Any CPU
		{D2FA298C-D2B4-4D8F-A540-A9804837F3ED}.Release|Any CPU.ActiveCfg = Release|Any CPU
	EndGlobalSection
	GlobalSection(SolutionProperties) = preSolution
		HideSolutionNode = FALSE
	EndGlobalSection
	GlobalSection(ExtensibilityGlobals) = postSolution
		SolutionGuid = {076296AF-E166-415D-B05E-0CC54849A904}
	EndGlobalSection
EndGlobal
